// !$*UTF8*$!
{
	archiveVersion = 1;
	classes = {
	};
	objectVersion = 50;
	objects = {

/* Begin PBXBuildFile section */
		306FAA45211CA3FD009A5C75 /* main.c in Sources */ = {isa = PBXBuildFile; fileRef = 306FAA44211CA3FD009A5C75 /* main.c */; };
		306FAA4F211CA428009A5C75 /* sdl.c in Sources */ = {isa = PBXBuildFile; fileRef = 306FAA4C211CA428009A5C75 /* sdl.c */; };
		306FAA50211CA428009A5C75 /* tffunctions.c in Sources */ = {isa = PBXBuildFile; fileRef = 306FAA4D211CA428009A5C75 /* tffunctions.c */; };
		306FAA55211CA493009A5C75 /* SDL2_ttf.framework in Frameworks */ = {isa = PBXBuildFile; fileRef = 306FAA52211CA493009A5C75 /* SDL2_ttf.framework */; };
		306FAA56211CA493009A5C75 /* SDL2_mixer.framework in Frameworks */ = {isa = PBXBuildFile; fileRef = 306FAA53211CA493009A5C75 /* SDL2_mixer.framework */; };
		306FAA57211CA493009A5C75 /* SDL2.framework in Frameworks */ = {isa = PBXBuildFile; fileRef = 306FAA54211CA493009A5C75 /* SDL2.framework */; };
		306FAA5A211CA67D009A5C75 /* SDL2_image.framework in Frameworks */ = {isa = PBXBuildFile; fileRef = 306FAA59211CA67D009A5C75 /* SDL2_image.framework */; };
		306FAA5E211CB630009A5C75 /* levels.c in Sources */ = {isa = PBXBuildFile; fileRef = 306FAA5D211CB630009A5C75 /* levels.c */; };
/* End PBXBuildFile section */

/* Begin PBXCopyFilesBuildPhase section */
		306FAA3F211CA3FD009A5C75 /* CopyFiles */ = {
			isa = PBXCopyFilesBuildPhase;
			buildActionMask = 2147483647;
			dstPath = /usr/share/man/man1/;
			dstSubfolderSpec = 0;
			files = (
			);
			runOnlyForDeploymentPostprocessing = 1;
		};
/* End PBXCopyFilesBuildPhase section */

/* Begin PBXFileReference section */
		306FAA41211CA3FD009A5C75 /* Breakout */ = {isa = PBXFileReference; explicitFileType = "compiled.mach-o.executable"; includeInIndex = 0; path = Breakout; sourceTree = BUILT_PRODUCTS_DIR; };
		306FAA44211CA3FD009A5C75 /* main.c */ = {isa = PBXFileReference; lastKnownFileType = sourcecode.c.c; path = main.c; sourceTree = "<group>"; };
		306FAA4B211CA428009A5C75 /* sdl.h */ = {isa = PBXFileReference; fileEncoding = 4; lastKnownFileType = sourcecode.c.h; path = sdl.h; sourceTree = "<group>"; };
		306FAA4C211CA428009A5C75 /* sdl.c */ = {isa = PBXFileReference; fileEncoding = 4; lastKnownFileType = sourcecode.c.c; path = sdl.c; sourceTree = "<group>"; };
		306FAA4D211CA428009A5C75 /* tffunctions.c */ = {isa = PBXFileReference; fileEncoding = 4; lastKnownFileType = sourcecode.c.c; path = tffunctions.c; sourceTree = "<group>"; };
		306FAA4E211CA428009A5C75 /* tffunctions.h */ = {isa = PBXFileReference; fileEncoding = 4; lastKnownFileType = sourcecode.c.h; path = tffunctions.h; sourceTree = "<group>"; };
		306FAA52211CA493009A5C75 /* SDL2_ttf.framework */ = {isa = PBXFileReference; lastKnownFileType = wrapper.framework; name = SDL2_ttf.framework; path = ../../../../../Library/Frameworks/SDL2_ttf.framework; sourceTree = "<group>"; };
		306FAA53211CA493009A5C75 /* SDL2_mixer.framework */ = {isa = PBXFileReference; lastKnownFileType = wrapper.framework; name = SDL2_mixer.framework; path = ../../../../../Library/Frameworks/SDL2_mixer.framework; sourceTree = "<group>"; };
		306FAA54211CA493009A5C75 /* SDL2.framework */ = {isa = PBXFileReference; lastKnownFileType = wrapper.framework; name = SDL2.framework; path = ../../../../../Library/Frameworks/SDL2.framework; sourceTree = "<group>"; };
		306FAA58211CA4F6009A5C75 /* main.h */ = {isa = PBXFileReference; lastKnownFileType = sourcecode.c.h; path = main.h; sourceTree = "<group>"; };
		306FAA59211CA67D009A5C75 /* SDL2_image.framework */ = {isa = PBXFileReference; lastKnownFileType = wrapper.framework; name = SDL2_image.framework; path = ../../../../../Library/Frameworks/SDL2_image.framework; sourceTree = "<group>"; };
		306FAA5C211CAC2C009A5C75 /* Px437_IBM_VGA9.ttf */ = {isa = PBXFileReference; lastKnownFileType = file; path = Px437_IBM_VGA9.ttf; sourceTree = "<group>"; };
		306FAA5D211CB630009A5C75 /* levels.c */ = {isa = PBXFileReference; lastKnownFileType = sourcecode.c.c; path = levels.c; sourceTree = "<group>"; };
		306FAA5F211CB8C1009A5C75 /* levels.h */ = {isa = PBXFileReference; lastKnownFileType = sourcecode.c.h; path = levels.h; sourceTree = "<group>"; };
		306FAA60211F7DED009A5C75 /* padhit.wav */ = {isa = PBXFileReference; lastKnownFileType = audio.wav; path = padhit.wav; sourceTree = "<group>"; };
		306FAA61211F7DED009A5C75 /* goal.wav */ = {isa = PBXFileReference; lastKnownFileType = audio.wav; path = goal.wav; sourceTree = "<group>"; };
		306FAA62211F7DED009A5C75 /* tophit.wav */ = {isa = PBXFileReference; lastKnownFileType = audio.wav; path = tophit.wav; sourceTree = "<group>"; };
/* End PBXFileReference section */

/* Begin PBXFrameworksBuildPhase section */
		306FAA3E211CA3FD009A5C75 /* Frameworks */ = {
			isa = PBXFrameworksBuildPhase;
			buildActionMask = 2147483647;
			files = (
				306FAA5A211CA67D009A5C75 /* SDL2_image.framework in Frameworks */,
				306FAA55211CA493009A5C75 /* SDL2_ttf.framework in Frameworks */,
				306FAA56211CA493009A5C75 /* SDL2_mixer.framework in Frameworks */,
				306FAA57211CA493009A5C75 /* SDL2.framework in Frameworks */,
			);
			runOnlyForDeploymentPostprocessing = 0;
		};
/* End PBXFrameworksBuildPhase section */

/* Begin PBXGroup section */
		306FAA38211CA3FD009A5C75 = {
			isa = PBXGroup;
			children = (
				306FAA5B211CAC1F009A5C75 /* Assets */,
				306FAA43211CA3FD009A5C75 /* Breakout */,
				306FAA42211CA3FD009A5C75 /* Products */,
				306FAA51211CA493009A5C75 /* Frameworks */,
			);
			sourceTree = "<group>";
		};
		306FAA42211CA3FD009A5C75 /* Products */ = {
			isa = PBXGroup;
			children = (
				306FAA41211CA3FD009A5C75 /* Breakout */,
			);
			name = Products;
			sourceTree = "<group>";
		};
		306FAA43211CA3FD009A5C75 /* Breakout */ = {
			isa = PBXGroup;
			children = (
				306FAA58211CA4F6009A5C75 /* main.h */,
				306FAA44211CA3FD009A5C75 /* main.c */,
				306FAA4B211CA428009A5C75 /* sdl.h */,
				306FAA4C211CA428009A5C75 /* sdl.c */,
				306FAA4E211CA428009A5C75 /* tffunctions.h */,
				306FAA4D211CA428009A5C75 /* tffunctions.c */,
				306FAA5F211CB8C1009A5C75 /* levels.h */,
				306FAA5D211CB630009A5C75 /* levels.c */,
			);
			path = Breakout;
			sourceTree = "<group>";
		};
		306FAA51211CA493009A5C75 /* Frameworks */ = {
			isa = PBXGroup;
			children = (
				306FAA59211CA67D009A5C75 /* SDL2_image.framework */,
				306FAA53211CA493009A5C75 /* SDL2_mixer.framework */,
				306FAA52211CA493009A5C75 /* SDL2_ttf.framework */,
				306FAA54211CA493009A5C75 /* SDL2.framework */,
			);
			name = Frameworks;
			sourceTree = "<group>";
		};
		306FAA5B211CAC1F009A5C75 /* Assets */ = {
			isa = PBXGroup;
			children = (
				306FAA5C211CAC2C009A5C75 /* Px437_IBM_VGA9.ttf */,
				306FAA61211F7DED009A5C75 /* goal.wav */,
				306FAA60211F7DED009A5C75 /* padhit.wav */,
				306FAA62211F7DED009A5C75 /* tophit.wav */,
			);
			path = Assets;
			sourceTree = "<group>";
		};
/* End PBXGroup section */

/* Begin PBXNativeTarget section */
		306FAA40211CA3FD009A5C75 /* Breakout */ = {
			isa = PBXNativeTarget;
			buildConfigurationList = 306FAA48211CA3FD009A5C75 /* Build configuration list for PBXNativeTarget "Breakout" */;
			buildPhases = (
				306FAA3D211CA3FD009A5C75 /* Sources */,
				306FAA3E211CA3FD009A5C75 /* Frameworks */,
				306FAA3F211CA3FD009A5C75 /* CopyFiles */,
			);
			buildRules = (
			);
			dependencies = (
			);
			name = Breakout;
			productName = Breakout;
			productReference = 306FAA41211CA3FD009A5C75 /* Breakout */;
			productType = "com.apple.product-type.tool";
		};
/* End PBXNativeTarget section */

/* Begin PBXProject section */
		306FAA39211CA3FD009A5C75 /* Project object */ = {
			isa = PBXProject;
			attributes = {
				LastUpgradeCheck = 1000;
				ORGANIZATIONNAME = "Thomas Foster";
				TargetAttributes = {
					306FAA40211CA3FD009A5C75 = {
						CreatedOnToolsVersion = 10.0;
					};
				};
			};
			buildConfigurationList = 306FAA3C211CA3FD009A5C75 /* Build configuration list for PBXProject "Breakout" */;
			compatibilityVersion = "Xcode 9.3";
			developmentRegion = en;
			hasScannedForEncodings = 0;
			knownRegions = (
				en,
			);
			mainGroup = 306FAA38211CA3FD009A5C75;
			productRefGroup = 306FAA42211CA3FD009A5C75 /* Products */;
			projectDirPath = "";
			projectRoot = "";
			targets = (
				306FAA40211CA3FD009A5C75 /* Breakout */,
			);
		};
/* End PBXProject section */

/* Begin PBXSourcesBuildPhase section */
		306FAA3D211CA3FD009A5C75 /* Sources */ = {
			isa = PBXSourcesBuildPhase;
			buildActionMask = 2147483647;
			files = (
				306FAA5E211CB630009A5C75 /* levels.c in Sources */,
				306FAA45211CA3FD009A5C75 /* main.c in Sources */,
				306FAA4F211CA428009A5C75 /* sdl.c in Sources */,
				306FAA50211CA428009A5C75 /* tffunctions.c in Sources */,
			);
			runOnlyForDeploymentPostprocessing = 0;
		};
/* End PBXSourcesBuildPhase section */

/* Begin XCBuildConfiguration section */
		306FAA46211CA3FD009A5C75 /* Debug */ = {
			isa = XCBuildConfiguration;
			buildSettings = {
				ALWAYS_SEARCH_USER_PATHS = NO;
				CLANG_ANALYZER_NONNULL = YES;
				CLANG_ANALYZER_NUMBER_OBJECT_CONVERSION = YES_AGGRESSIVE;
				CLANG_CXX_LANGUAGE_STANDARD = "gnu++14";
				CLANG_CXX_LIBRARY = "libc++";
				CLANG_ENABLE_MODULES = YES;
				CLANG_ENABLE_OBJC_ARC = YES;
				CLANG_ENABLE_OBJC_WEAK = YES;
				CLANG_WARN_BLOCK_CAPTURE_AUTORELEASING = YES;
				CLANG_WARN_BOOL_CONVERSION = YES;
				CLANG_WARN_COMMA = YES;
				CLANG_WARN_CONSTANT_CONVERSION = YES;
				CLANG_WARN_DEPRECATED_OBJC_IMPLEMENTATIONS = YES;
				CLANG_WARN_DIRECT_OBJC_ISA_USAGE = YES_ERROR;
				CLANG_WARN_DOCUMENTATION_COMMENTS = YES;
				CLANG_WARN_EMPTY_BODY = YES;
				CLANG_WARN_ENUM_CONVERSION = YES;
				CLANG_WARN_INFINITE_RECURSION = YES;
				CLANG_WARN_INT_CONVERSION = YES;
				CLANG_WARN_NON_LITERAL_NULL_CONVERSION = YES;
				CLANG_WARN_OBJC_IMPLICIT_RETAIN_SELF = YES;
				CLANG_WARN_OBJC_LITERAL_CONVERSION = YES;
				CLANG_WARN_OBJC_ROOT_CLASS = YES_ERROR;
				CLANG_WARN_RANGE_LOOP_ANALYSIS = YES;
				CLANG_WARN_STRICT_PROTOTYPES = YES;
				CLANG_WARN_SUSPICIOUS_MOVE = YES;
				CLANG_WARN_UNGUARDED_AVAILABILITY = YES_AGGRESSIVE;
				CLANG_WARN_UNREACHABLE_CODE = YES;
				CLANG_WARN__DUPLICATE_METHOD_MATCH = YES;
				CODE_SIGN_IDENTITY = "Mac Developer";
				COPY_PHASE_STRIP = NO;
				DEBUG_INFORMATION_FORMAT = dwarf;
				ENABLE_STRICT_OBJC_MSGSEND = YES;
				ENABLE_TESTABILITY = YES;
				GCC_C_LANGUAGE_STANDARD = gnu11;
				GCC_DYNAMIC_NO_PIC = NO;
				GCC_NO_COMMON_BLOCKS = YES;
				GCC_OPTIMIZATION_LEVEL = 0;
				GCC_PREPROCESSOR_DEFINITIONS = (
					"DEBUG=1",
					"$(inherited)",
				);
				GCC_WARN_64_TO_32_BIT_CONVERSION = YES;
				GCC_WARN_ABOUT_RETURN_TYPE = YES_ERROR;
				GCC_WARN_UNDECLARED_SELECTOR = YES;
				GCC_WARN_UNINITIALIZED_AUTOS = YES_AGGRESSIVE;
				GCC_WARN_UNUSED_FUNCTION = YES;
				GCC_WARN_UNUSED_VARIABLE = YES;
				MACOSX_DEPLOYMENT_TARGET = 10.14;
				MTL_ENABLE_DEBUG_INFO = INCLUDE_SOURCE;
				MTL_FAST_MATH = YES;
				ONLY_ACTIVE_ARCH = YES;
				SDKROOT = macosx;
			};
			name = Debug;
		};
		306FAA47211CA3FD009A5C75 /* Release */ = {
			isa = XCBuildConfiguration;
			buildSettings = {
				ALWAYS_SEARCH_USER_PATHS = NO;
				CLANG_ANALYZER_NONNULL = YES;
				CLANG_ANALYZER_NUMBER_OBJECT_CONVERSION = YES_AGGRESSIVE;
				CLANG_CXX_LANGUAGE_STANDARD = "gnu++14";
				CLANG_CXX_LIBRARY = "libc++";
				CLANG_ENABLE_MODULES = YES;
				CLANG_ENABLE_OBJC_ARC = YES;
				CLANG_ENABLE_OBJC_WEAK = YES;
				CLANG_WARN_BLOCK_CAPTURE_AUTORELEASING = YES;
				CLANG_WARN_BOOL_CONVERSION = YES;
				CLANG_WARN_COMMA = YES;
				CLANG_WARN_CONSTANT_CONVERSION = YES;
				CLANG_WARN_DEPRECATED_OBJC_IMPLEMENTATIONS = YES;
				CLANG_WARN_DIRECT_OBJC_ISA_USAGE = YES_ERROR;
				CLANG_WARN_DOCUMENTATION_COMMENTS = YES;
				CLANG_WARN_EMPTY_BODY = YES;
				CLANG_WARN_ENUM_CONVERSION = YES;
				CLANG_WARN_INFINITE_RECURSION = YES;
				CLANG_WARN_INT_CONVERSION = YES;
				CLANG_WARN_NON_LITERAL_NULL_CONVERSION = YES;
				CLANG_WARN_OBJC_IMPLICIT_RETAIN_SELF = YES;
				CLANG_WARN_OBJC_LITERAL_CONVERSION = YES;
				CLANG_WARN_OBJC_ROOT_CLASS = YES_ERROR;
				CLANG_WARN_RANGE_LOOP_ANALYSIS = YES;
				CLANG_WARN_STRICT_PROTOTYPES = YES;
				CLANG_WARN_SUSPICIOUS_MOVE = YES;
				CLANG_WARN_UNGUARDED_AVAILABILITY = YES_AGGRESSIVE;
				CLANG_WARN_UNREACHABLE_CODE = YES;
				CLANG_WARN__DUPLICATE_METHOD_MATCH = YES;
				CODE_SIGN_IDENTITY = "Mac Developer";
				COPY_PHASE_STRIP = NO;
				DEBUG_INFORMATION_FORMAT = "dwarf-with-dsym";
				ENABLE_NS_ASSERTIONS = NO;
				ENABLE_STRICT_OBJC_MSGSEND = YES;
				GCC_C_LANGUAGE_STANDARD = gnu11;
				GCC_NO_COMMON_BLOCKS = YES;
				GCC_WARN_64_TO_32_BIT_CONVERSION = YES;
				GCC_WARN_ABOUT_RETURN_TYPE = YES_ERROR;
				GCC_WARN_UNDECLARED_SELECTOR = YES;
				GCC_WARN_UNINITIALIZED_AUTOS = YES_AGGRESSIVE;
				GCC_WARN_UNUSED_FUNCTION = YES;
				GCC_WARN_UNUSED_VARIABLE = YES;
				MACOSX_DEPLOYMENT_TARGET = 10.14;
				MTL_ENABLE_DEBUG_INFO = NO;
				MTL_FAST_MATH = YES;
				SDKROOT = macosx;
			};
			name = Release;
		};
		306FAA49211CA3FD009A5C75 /* Debug */ = {
			isa = XCBuildConfiguration;
			buildSettings = {
				CODE_SIGN_STYLE = Automatic;
				DEVELOPMENT_TEAM = D54ZHB8K4R;
				FRAMEWORK_SEARCH_PATHS = (
					"$(inherited)",
					"$(LOCAL_LIBRARY_DIR)/Frameworks",
				);
				PRODUCT_NAME = "$(TARGET_NAME)";
			};
			name = Debug;
		};
		306FAA4A211CA3FD009A5C75 /* Release */ = {
			isa = XCBuildConfiguration;
			buildSettings = {
				CODE_SIGN_STYLE = Automatic;
				DEVELOPMENT_TEAM = D54ZHB8K4R;
				FRAMEWORK_SEARCH_PATHS = (
					"$(inherited)",
					"$(LOCAL_LIBRARY_DIR)/Frameworks",
				);
				PRODUCT_NAME = "$(TARGET_NAME)";
			};
			name = Release;
		};
/* End XCBuildConfiguration section */

/* Begin XCConfigurationList section */
		306FAA3C211CA3FD009A5C75 /* Build configuration list for PBXProject "Breakout" */ = {
			isa = XCConfigurationList;
			buildConfigurations = (
				306FAA46211CA3FD009A5C75 /* Debug */,
				306FAA47211CA3FD009A5C75 /* Release */,
			);
			defaultConfigurationIsVisible = 0;
			defaultConfigurationName = Release;
		};
		306FAA48211CA3FD009A5C75 /* Build configuration list for PBXNativeTarget "Breakout" */ = {
			isa = XCConfigurationList;
			buildConfigurations = (
				306FAA49211CA3FD009A5C75 /* Debug */,
				306FAA4A211CA3FD009A5C75 /* Release */,
			);
			defaultConfigurationIsVisible = 0;
			defaultConfigurationName = Release;
		};
/* End XCConfigurationList section */
	};
	rootObject = 306FAA39211CA3FD009A5C75 /* Project object */;
}
